
Microsoft Visual Studio Solution File, Format Version 12.00
# Visual Studio Version 17
VisualStudioVersion = 17.8.34525.116
MinimumVisualStudioVersion = 10.0.40219.1
Project("{FAE04EC0-301F-11D3-BF4B-00C04F79EFBC}") = "LR10", "LR10\LR10.csproj", "{AE35A13C-E2B2-4FA8-A8F7-7171BB6E9ECC}"
EndProject
Global
	GlobalSection(SolutionConfigurationPlatforms) = preSolution
		Debug|Any CPU = Debug|Any CPU
		Release|Any CPU = Release|Any CPU
	EndGlobalSection
	GlobalSection(ProjectConfigurationPlatforms) = postSolution
		{AE35A13C-E2B2-4FA8-A8F7-7171BB6E9ECC}.Debug|Any CPU.ActiveCfg = Debug|Any CPU
		{AE35A13C-E2B2-4FA8-A8F7-7171BB6E9ECC}.Debug|Any CPU.Build.0 = Debug|Any CPU
		{AE35A13C-E2B2-4FA8-A8F7-7171BB6E9ECC}.Release|Any CPU.ActiveCfg = Release|Any CPU
		{AE35A13C-E2B2-4FA8-A8F7-7171BB6E9ECC}.Release|Any CPU.Build.0 = Release|Any CPU
	EndGlobalSection
	GlobalSection(SolutionProperties) = preSolution
		HideSolutionNode = FALSE
	EndGlobalSection
	GlobalSection(ExtensibilityGlobals) = postSolution
		SolutionGuid = {2DD96060-9514-4CBE-93C6-5F63F224E265}
	EndGlobalSection
EndGlobal
